
Microsoft Visual Studio Solution File, Format Version 12.00
# Visual Studio Version 16
VisualStudioVersion = 16.0.29123.89
MinimumVisualStudioVersion = 10.0.40219.1
Project("{9A19103F-16F7-4668-BE54-9A1E7A4F7556}") = "AdventureWorks.Models", "AdventureWorks.Models\AdventureWorks.Models.csproj", "{D6D8320C-46E0-43A9-8846-7F0088822D44}"
EndProject
Project("{9A19103F-16F7-4668-BE54-9A1E7A4F7556}") = "AdventureWorks.Context", "AdventureWorks.Context\AdventureWorks.Context.csproj", "{05AF3253-4FEE-4188-91DC-454BAE6803AB}"
EndProject
Project("{9A19103F-16F7-4668-BE54-9A1E7A4F7556}") = "AdventureWorks.Web", "AdventureWorks.Web\AdventureWorks.Web.csproj", "{4AAD0F5D-C7E4-41E8-B9A4-EE1F28CB2978}"
EndProject
Global
	GlobalSection(SolutionConfigurationPlatforms) = preSolution
		Debug|Any CPU = Debug|Any CPU
		Release|Any CPU = Release|Any CPU
	EndGlobalSection
	GlobalSection(ProjectConfigurationPlatforms) = postSolution
		{D6D8320C-46E0-43A9-8846-7F0088822D44}.Debug|Any CPU.ActiveCfg = Debug|Any CPU
		{D6D8320C-46E0-43A9-8846-7F0088822D44}.Debug|Any CPU.Build.0 = Debug|Any CPU
		{D6D8320C-46E0-43A9-8846-7F0088822D44}.Release|Any CPU.ActiveCfg = Release|Any CPU
		{D6D8320C-46E0-43A9-8846-7F0088822D44}.Release|Any CPU.Build.0 = Release|Any CPU
		{05AF3253-4FEE-4188-91DC-454BAE6803AB}.Debug|Any CPU.ActiveCfg = Debug|Any CPU
		{05AF3253-4FEE-4188-91DC-454BAE6803AB}.Debug|Any CPU.Build.0 = Debug|Any CPU
		{05AF3253-4FEE-4188-91DC-454BAE6803AB}.Release|Any CPU.ActiveCfg = Release|Any CPU
		{05AF3253-4FEE-4188-91DC-454BAE6803AB}.Release|Any CPU.Build.0 = Release|Any CPU
		{4AAD0F5D-C7E4-41E8-B9A4-EE1F28CB2978}.Debug|Any CPU.ActiveCfg = Debug|Any CPU
		{4AAD0F5D-C7E4-41E8-B9A4-EE1F28CB2978}.Debug|Any CPU.Build.0 = Debug|Any CPU
		{4AAD0F5D-C7E4-41E8-B9A4-EE1F28CB2978}.Release|Any CPU.ActiveCfg = Release|Any CPU
		{4AAD0F5D-C7E4-41E8-B9A4-EE1F28CB2978}.Release|Any CPU.Build.0 = Release|Any CPU
	EndGlobalSection
	GlobalSection(SolutionProperties) = preSolution
		HideSolutionNode = FALSE
	EndGlobalSection
	GlobalSection(ExtensibilityGlobals) = postSolution
		SolutionGuid = {8BBE629A-549A-4F29-8931-0F2C48809EFC}
	EndGlobalSection
EndGlobal
