
Microsoft Visual Studio Solution File, Format Version 12.00
# Visual Studio 15
VisualStudioVersion = 15.0.27004.2006
MinimumVisualStudioVersion = 10.0.40219.1
Project("{9A19103F-16F7-4668-BE54-9A1E7A4F7556}") = "Contoso.Events.Models", "Contoso.Events.Models\Contoso.Events.Models.csproj", "{82D62F79-0133-4937-8FFC-F643AAFDFB40}"
EndProject
Project("{9A19103F-16F7-4668-BE54-9A1E7A4F7556}") = "Contoso.Events.Data", "Contoso.Events.Data\Contoso.Events.Data.csproj", "{86DAE78C-4083-48C4-B26A-530FFF994638}"
EndProject
Project("{9A19103F-16F7-4668-BE54-9A1E7A4F7556}") = "Contoso.Events.ViewModels", "Contoso.Events.ViewModels\Contoso.Events.ViewModels.csproj", "{17FB24F7-760F-4C4C-A4CA-88FF8F9DA3FC}"
EndProject
Project("{9A19103F-16F7-4668-BE54-9A1E7A4F7556}") = "Contoso.Events.Management", "Contoso.Events.Management\Contoso.Events.Management.csproj", "{14C2384F-9707-4383-9AB3-FCB7D62FA6F6}"
EndProject
Project("{9A19103F-16F7-4668-BE54-9A1E7A4F7556}") = "Contoso.Events.Web", "Contoso.Events.Web\Contoso.Events.Web.csproj", "{9409802D-B170-47BE-90FE-18316F3083EC}"
EndProject
Project("{9A19103F-16F7-4668-BE54-9A1E7A4F7556}") = "Contoso.Events.Worker", "Contoso.Events.Worker\Contoso.Events.Worker.csproj", "{E9DF8107-9DE1-4EE6-AF2B-9BE2BE85C88F}"
EndProject
Global
	GlobalSection(SolutionConfigurationPlatforms) = preSolution
		Debug|Any CPU = Debug|Any CPU
		Release|Any CPU = Release|Any CPU
	EndGlobalSection
	GlobalSection(ProjectConfigurationPlatforms) = postSolution
		{82D62F79-0133-4937-8FFC-F643AAFDFB40}.Debug|Any CPU.ActiveCfg = Debug|Any CPU
		{82D62F79-0133-4937-8FFC-F643AAFDFB40}.Debug|Any CPU.Build.0 = Debug|Any CPU
		{82D62F79-0133-4937-8FFC-F643AAFDFB40}.Release|Any CPU.ActiveCfg = Release|Any CPU
		{82D62F79-0133-4937-8FFC-F643AAFDFB40}.Release|Any CPU.Build.0 = Release|Any CPU
		{86DAE78C-4083-48C4-B26A-530FFF994638}.Debug|Any CPU.ActiveCfg = Debug|Any CPU
		{86DAE78C-4083-48C4-B26A-530FFF994638}.Debug|Any CPU.Build.0 = Debug|Any CPU
		{86DAE78C-4083-48C4-B26A-530FFF994638}.Release|Any CPU.ActiveCfg = Release|Any CPU
		{86DAE78C-4083-48C4-B26A-530FFF994638}.Release|Any CPU.Build.0 = Release|Any CPU
		{17FB24F7-760F-4C4C-A4CA-88FF8F9DA3FC}.Debug|Any CPU.ActiveCfg = Debug|Any CPU
		{17FB24F7-760F-4C4C-A4CA-88FF8F9DA3FC}.Debug|Any CPU.Build.0 = Debug|Any CPU
		{17FB24F7-760F-4C4C-A4CA-88FF8F9DA3FC}.Release|Any CPU.ActiveCfg = Release|Any CPU
		{17FB24F7-760F-4C4C-A4CA-88FF8F9DA3FC}.Release|Any CPU.Build.0 = Release|Any CPU
		{14C2384F-9707-4383-9AB3-FCB7D62FA6F6}.Debug|Any CPU.ActiveCfg = Debug|Any CPU
		{14C2384F-9707-4383-9AB3-FCB7D62FA6F6}.Debug|Any CPU.Build.0 = Debug|Any CPU
		{14C2384F-9707-4383-9AB3-FCB7D62FA6F6}.Release|Any CPU.ActiveCfg = Release|Any CPU
		{14C2384F-9707-4383-9AB3-FCB7D62FA6F6}.Release|Any CPU.Build.0 = Release|Any CPU
		{9409802D-B170-47BE-90FE-18316F3083EC}.Debug|Any CPU.ActiveCfg = Debug|Any CPU
		{9409802D-B170-47BE-90FE-18316F3083EC}.Debug|Any CPU.Build.0 = Debug|Any CPU
		{9409802D-B170-47BE-90FE-18316F3083EC}.Release|Any CPU.ActiveCfg = Release|Any CPU
		{9409802D-B170-47BE-90FE-18316F3083EC}.Release|Any CPU.Build.0 = Release|Any CPU
		{E9DF8107-9DE1-4EE6-AF2B-9BE2BE85C88F}.Debug|Any CPU.ActiveCfg = Debug|Any CPU
		{E9DF8107-9DE1-4EE6-AF2B-9BE2BE85C88F}.Debug|Any CPU.Build.0 = Debug|Any CPU
		{E9DF8107-9DE1-4EE6-AF2B-9BE2BE85C88F}.Release|Any CPU.ActiveCfg = Release|Any CPU
		{E9DF8107-9DE1-4EE6-AF2B-9BE2BE85C88F}.Release|Any CPU.Build.0 = Release|Any CPU
	EndGlobalSection
	GlobalSection(SolutionProperties) = preSolution
		HideSolutionNode = FALSE
	EndGlobalSection
	GlobalSection(ExtensibilityGlobals) = postSolution
		SolutionGuid = {F7F89152-FC44-4818-8574-420C17683613}
	EndGlobalSection
EndGlobal
